{
  "name": "@nanaio/phantom-zone",
  "version": "0.1.0",
  "lockfileVersion": 1,
  "requires": true,
  "dependencies": {
    "@types/convict": {
      "version": "6.0.2",
      "resolved": "https://registry.npmjs.org/@types/convict/-/convict-6.0.2.tgz",
      "integrity": "sha512-lYFEgTO7c36/Sq8+FKTn64jA/6B7xLeKv0/NZkWIaavMlBzlU5zgiyfJvl9rOTCxvlUT2rXTD6In5DmEGTK5+w==",
      "dev": true,
      "requires": {
        "@types/node": "*"
      }
    },
    "@types/js-yaml": {
      "version": "4.0.1",
      "resolved": "https://registry.npmjs.org/@types/js-yaml/-/js-yaml-4.0.1.tgz",
      "integrity": "sha512-xdOvNmXmrZqqPy3kuCQ+fz6wA0xU5pji9cd1nDrflWaAWtYLLGk5ykW0H6yg5TVyehHP1pfmuuSaZkhP+kspVA==",
      "dev": true
    },
    "@types/node": {
      "version": "15.12.4",
      "resolved": "https://registry.npmjs.org/@types/node/-/node-15.12.4.tgz",
      "integrity": "sha512-zrNj1+yqYF4WskCMOHwN+w9iuD12+dGm0rQ35HLl9/Ouuq52cEtd0CH9qMgrdNmi5ejC1/V7vKEXYubB+65DkA==",
      "dev": true
    },
    "argparse": {
      "version": "2.0.1",
      "resolved": "https://registry.npmjs.org/argparse/-/argparse-2.0.1.tgz",
      "integrity": "sha512-8+9WqebbFzpX9OR+Wa6O29asIogeRMzcGtAINdpMHHyAg10f05aSFVBbcEqGf/PXw1EjAZ+q2/bEBg3DvurK3Q=="
    },
    "camelcase": {
      "version": "5.3.1",
      "resolved": "https://registry.npmjs.org/camelcase/-/camelcase-5.3.1.tgz",
      "integrity": "sha512-L28STB170nwWS63UjtlEOE3dldQApaJXZkOI1uMFfzf3rRuPegHaHesyee+YxQ+W6SvRDQV6UrdOdRiR153wJg=="
    },
    "convict": {
      "version": "6.1.0",
      "resolved": "https://registry.npmjs.org/convict/-/convict-6.1.0.tgz",
      "integrity": "sha512-8dzppr6Z9URlm6P8N9NiydFRq2NWtQyf4RZOK5m0Q48fWWuKamHLXD7Qz/SiLvRXnjQcKCuHayIk9Fk51sax0w==",
      "requires": {
        "lodash.clonedeep": "^4.5.0",
        "yargs-parser": "^18.1.3"
      }
    },
    "decamelize": {
      "version": "1.2.0",
      "resolved": "https://registry.npmjs.org/decamelize/-/decamelize-1.2.0.tgz",
      "integrity": "sha1-9lNNFRSCabIDUue+4m9QH5oZEpA="
    },
    "js-yaml": {
      "version": "4.1.0",
      "resolved": "https://registry.npmjs.org/js-yaml/-/js-yaml-4.1.0.tgz",
      "integrity": "sha512-wpxZs9NoxZaJESJGIZTyDEaYpl0FKSA+FB9aJiyemKhMwkxQg63h4T1KJgUGHpTqPDNRcmmYLugrRjJlBtWvRA==",
      "requires": {
        "argparse": "^2.0.1"
      }
    },
    "lodash.clonedeep": {
      "version": "4.5.0",
      "resolved": "https://registry.npmjs.org/lodash.clonedeep/-/lodash.clonedeep-4.5.0.tgz",
      "integrity": "sha1-4j8/nE+Pvd6HJSnBBxhXoIblzO8="
    },
    "typescript": {
      "version": "4.3.4",
      "resolved": "https://registry.npmjs.org/typescript/-/typescript-4.3.4.tgz",
      "integrity": "sha512-uauPG7XZn9F/mo+7MrsRjyvbxFpzemRjKEZXS4AK83oP2KKOJPvb+9cO/gmnv8arWZvhnjVOXz7B49m1l0e9Ew==",
      "dev": true
    },
    "yargs-parser": {
      "version": "18.1.3",
      "resolved": "https://registry.npmjs.org/yargs-parser/-/yargs-parser-18.1.3.tgz",
      "integrity": "sha512-o50j0JeToy/4K6OZcaQmW6lyXXKhq7csREXcDwk2omFPJEwUNOVtJKvmDr9EI1fAJZUyZcRF7kxGBWmRXudrCQ==",
      "requires": {
        "camelcase": "^5.0.0",
        "decamelize": "^1.2.0"
      }
    },
    "zod": {
      "version": "3.2.0",
      "resolved": "https://registry.npmjs.org/zod/-/zod-3.2.0.tgz",
      "integrity": "sha512-yvcO3FZ8URR+LliMGqaW7tlVOOTzmup3vzKEe9Ds7twyJtdhvYa7dIYr0FbD1wVfWC1OuS83vZfHtCKslPuRhA=="
    }
  }
}
